{
  "version": 4,
  "terraform_version": "1.12.2",
  "serial": 14,
  "lineage": "bd467ab9-92d8-c066-2ba5-7165a92d6a34",
  "outputs": {
    "ssh_private_key": {
      "value": "-----BEGIN RSA PRIVATE KEY-----\nMIIJJwIBAAKCAgEAqxxYzTUJLogVqGksvNDtgqAB++6eU26TKKAwhPsUFoDr5eYR\nY9T2qODiBNycLdKs5mZXst0FExfQ3haGP15Q94yB0f/wsYsKrGQrGNO9a8T314GC\nMWCf6jIsJlBOML5STkPkF5g34ROinMfBFaoLdnyjqmbjkk017py1PO3Y4WjFTcPC\nMLxna5ZBaS7OUKnKppwJHzjrHsCfNEU/hd9wr/XU7rbYgjr7xPrEALKqxO8OiZY/\nLTHzGjg9n2WrsoRzazFMar0X/3PBahVsprt8R/6eqaNxcn2IhUSA2EGp2Z3rpx1o\ncH4AMoStUsH2cIjVE3L6v0JR8TVbOqMUGAaKkX+ZLQ5HQEvV59VMKWhMBEvs49QK\nKrRIpcZPOcoZxhYeaaLi1d25T5lmI21N0j57fxLVQNGjkpsuOOo5fZgAzCOoJULt\n8RdU248D2JDZiRuHXpvecDLHKLiS/UDT7mflb2t5x1VN0PgV4Rmh5vZK+xwweFO5\nyzFsnvz7N8U3jQnniXv5eMRNGoYGIVnhkDOaY6p6VSG5lkJLKxDfc/7DFdwry/pL\nPK3OwuQ/Kz0KQ/fhKvyA5hvbBBQ2WY8tgq+Jie9Dk/Yvuk63FFMgwrqFaahCYU0g\ncMCOk6E9xk/0odp8X4sXCnn/JzpdSTrsq6EKixY5j/uwU8Fv58x7o5E/HokCAwEA\nAQKCAgA0xISkH+dpeKEJMwoPXnToVBTYjwE3ZIGwRRpBYDaVLAPTfYw+V7YLZXJ+\nIlRtkysr0ELaT2uZtD3+xz52O01H0gZU7xNYhTLw7+EUgnPHUNJHnNI8DPqz2+4e\nkKRURtUV+rzUA+azm/0JUVa7qhln3E8SpTEn9HSd1ajUldrMxKUX8rcnlWplVMxu\nNfd9C6eJktQDU2e6r5dJJNPOopXbRbn5Ndz16F+tItIgDvk3yysWBgYMl3tLSi3C\nwrVc05jOZUEWJ6NHbXinkNzVXDsa7qwaT2OUdZ8Mzg/X4QQSrq819Y04J7tC2QSk\nYVlw4dmn6kzmf3rKonQ0VIdFU3sWm2JiBLMt8StNWXtAvEVTnmeOZTVVnoNuV0RA\nU8NWWnx+9MRe6ZktV6h8h7FfK6avrZe1Y0fFAYvX62rxO03kZ+PeoUf/FysfPTLq\nDXJBGLHhiyb9VruG686h4gwAKtsBLw4JLRqOsGmXqU2cIZ8g2mL8ph9NQxI1UR9/\nWrpyCknNI8kVPoq1+wCycQrtaIcdxKQ+Mbes6A5hZ1chOjT1GKnh7NxSfVJLwsoH\nlnksbCPLDE0A8xfFCuMVAw6rdsYC8BY3Mm+qN7VNJPghe+vg9fndZc/VLACqdgKJ\nG3jDv+A6FLyR3VXCM+NTpLhtmFiKGj6hLT0EJv0dYSkfEBAx8wKCAQEA217QPTkB\nFflKIAyY+wdrtKb4dpEMbG8sf5qpJStyBlWONZDxLEf7UZcuAVxElHrd0QrXIFq5\n1tlzQGQFDVmVIj48+k/6FHeWyaZKOdNjSyZC4GIBCl6X4CoSnqaVLkPJfglodf5v\nocJ+Z4k7yCmaxgMMNhhBGHIDh4eYQ0pOtBv5gBuAiIVBhgUDRRG3iSB4AF4fKqUn\n3wF5Hkyq8T9v3U2F8hFo3nACvv6DZa+epAfCfk20SrXRPRuj8AjZoiSs7ewOOq1X\nGnpfCZDdCnlubjXTldct0GK4EAQXmKaObHcWGcs1nmQy3ZBqW26FE+4yw2H1jiuQ\naYh38jZzEM6T1wKCAQEAx66hm7uVFGssSXQaUocd1czL+UbYrd3IQb0joNZphXDk\n4r4DjLBt1m5d0xOyufu5Rpyd4R/nhqPU54qXAhkzHp6c+NP4je98CBkSBkheW9O+\nwI1lH34pGdoAlSUEeWMTAYGrnJQ7i+o2j1kklmFWSRHG3wOOQpu91puCwFTpGrnh\nctLKetlAW4GYrDmJq7RhQJv4E4Smbbv31Us+Ol7329uZil3Y1J+IhMmPBvPBcy8T\nsDa2d7P9B7rrQCjnRzLfHoyftbwtZClKwDN7T+1rCzJ6rpmp2CnmsVd8Vy3cman8\naRyTvvbgTY44hVfUctnaFxWM9vzYN89DpHSzCS+UnwKCAQB7ZbUbizJKKwWAS7XO\nF1mFsBq5j1P+tva//L7C0tJ8L6okBZk0QHVlavYM+9rz7r1RtphWcdJxwbXr9ZdF\n8CtMrNfeMhjJZI/kdG7yYi9LeYVK9LYDIDysct4wciIeeTEhfadOIEapJl+2W+LN\n8GFImzRGRZRwbMoBdcu3plfpRoctgcrmgJbgDXfOZW3pa+M0yb0cXvSzo/9+hL/v\nnrCNOutqxFJKNZXF3CMLkyNYv6ivJYSSNf4yMpcgEcpiQ+EmoI9MgG8rzMQi/GLq\nXm44/nw7oGP8AVvqXnLrgl1BNCexcLaDl3dpXLAHKH8hO+9AKp1XULgWNRbLn8dQ\nH/PXAoIBAFd1BRNQdVscFamWUHEU/NxHdo8XmI+OM8eXL6OiRVVMvPMShjt4iqMA\nc9efKQiMV/m1XvDbKGywFO/Uo48nulwO3HGfZZ3E5m4ljN9zkuBlPYbYZxIED7xi\n3x5zuCHyYsCmKqPJyMrfKkZepMe4mjImtxO2WviRffQg6IOUrQQnpbbE3CoyPR3X\nBSdpjALIXlAN//mMf9hQG5wv+HFYZvbEl9sif3Wg6go+vYYt/OyWEel8DS8ghhJ8\nq8zOHX3xqgeXT9wpLzhPXY4Q/lFjix68XT9bzif/Mis6Rhto2tXyvbrL6WoaduOB\nBwBgF4y2He8+YR9MXucSwG2nL0M2s8ECggEAFUbkS5249HaT6qYi/I1pJm47RAsj\ntYc8qZff0U1W0r3Ah1dMPawKdlRBYqmIzRXs+JmSA5X/rVyelZIp/mlXJML1nVSw\n1xtSoqOuux16vZoGJu0G4XpEZvLh1jwayHuwgvTDApsAfjfSoHFRKbpd//wcKkbp\nPXkHLV6LysZ3FMSE+IsSxTBk/ZpjO9kf8oFtXOFqm7NXsp2fwHb/YNdr48wuLV24\n1MGQnFMu0503KdDMW3qZF2pYFHvTUKvBxDgUvOPshrDj+NglD1b68jDYnTfxsQ7I\nS18wBiPFVn9pK+nhVrPtii1NXzK5SWRPOtwTwrIXJL3qlRBLPiN+BXva5w==\n-----END RSA PRIVATE KEY-----\n",
      "type": "string",
      "sensitive": true
    }
  },
  "resources": [
    {
      "mode": "data",
      "type": "aws_ami",
      "name": "ubuntu",
      "provider": "provider[\"registry.terraform.io/hashicorp/aws\"]",
      "instances": [
        {
          "schema_version": 0,
          "attributes": {
            "architecture": "x86_64",
            "arn": "arn:aws:ec2:us-east-1::image/ami-0d016af584f4febe3",
            "block_device_mappings": [
              {
                "device_name": "/dev/sda1",
                "ebs": {
                  "delete_on_termination": "true",
                  "encrypted": "false",
                  "iops": "0",
                  "snapshot_id": "snap-09c166a358f0811e9",
                  "throughput": "0",
                  "volume_initialization_rate": "0",
                  "volume_size": "8",
                  "volume_type": "gp2"
                },
                "no_device": "",
                "virtual_name": ""
              },
              {
                "device_name": "/dev/sdb",
                "ebs": {},
                "no_device": "",
                "virtual_name": "ephemeral0"
              },
              {
                "device_name": "/dev/sdc",
                "ebs": {},
                "no_device": "",
                "virtual_name": "ephemeral1"
              }
            ],
            "boot_mode": "uefi-preferred",
            "creation_date": "2025-06-17T06:49:54.000Z",
            "deprecation_time": "2027-06-17T06:49:54.000Z",
            "description": "Canonical, Ubuntu, 22.04, amd64 jammy image",
            "ena_support": true,
            "executable_users": null,
            "filter": [
              {
                "name": "name",
                "values": [
                  "ubuntu/images/hvm-ssd/ubuntu-jammy-22.04-amd64-server-*"
                ]
              }
            ],
            "hypervisor": "xen",
            "id": "ami-0d016af584f4febe3",
            "image_id": "ami-0d016af584f4febe3",
            "image_location": "amazon/ubuntu/images/hvm-ssd/ubuntu-jammy-22.04-amd64-server-20250617",
            "image_owner_alias": "amazon",
            "image_type": "machine",
            "imds_support": "",
            "include_deprecated": false,
            "kernel_id": "",
            "last_launched_time": "",
            "most_recent": true,
            "name": "ubuntu/images/hvm-ssd/ubuntu-jammy-22.04-amd64-server-20250617",
            "name_regex": null,
            "owner_id": "099720109477",
            "owners": [
              "099720109477"
            ],
            "platform": "",
            "platform_details": "Linux/UNIX",
            "product_codes": [],
            "public": true,
            "ramdisk_id": "",
            "root_device_name": "/dev/sda1",
            "root_device_type": "ebs",
            "root_snapshot_id": "snap-09c166a358f0811e9",
            "sriov_net_support": "simple",
            "state": "available",
            "state_reason": {
              "code": "UNSET",
              "message": "UNSET"
            },
            "tags": {},
            "timeouts": null,
            "tpm_support": "",
            "uefi_data": null,
            "usage_operation": "RunInstances",
            "virtualization_type": "hvm"
          },
          "sensitive_attributes": [],
          "identity_schema_version": 0
        }
      ]
    },
    {
      "mode": "data",
      "type": "aws_availability_zones",
      "name": "available",
      "provider": "provider[\"registry.terraform.io/hashicorp/aws\"]",
      "instances": [
        {
          "schema_version": 0,
          "attributes": {
            "all_availability_zones": null,
            "exclude_names": null,
            "exclude_zone_ids": null,
            "filter": null,
            "group_names": [
              "us-east-1-zg-1"
            ],
            "id": "us-east-1",
            "names": [
              "us-east-1a",
              "us-east-1b",
              "us-east-1c",
              "us-east-1d",
              "us-east-1e",
              "us-east-1f"
            ],
            "state": null,
            "timeouts": null,
            "zone_ids": [
              "use1-az1",
              "use1-az2",
              "use1-az4",
              "use1-az6",
              "use1-az3",
              "use1-az5"
            ]
          },
          "sensitive_attributes": [],
          "identity_schema_version": 0
        }
      ]
    },
    {
      "mode": "managed",
      "type": "aws_eip",
      "name": "nat",
      "provider": "provider[\"registry.terraform.io/hashicorp/aws\"]",
      "instances": [
        {
          "schema_version": 0,
          "attributes": {
            "address": null,
            "allocation_id": "eipalloc-0eaaac6977b9a6c66",
            "arn": "arn:aws:ec2:us-east-1:314146328273:elastic-ip/eipalloc-0eaaac6977b9a6c66",
            "associate_with_private_ip": null,
            "association_id": "",
            "carrier_ip": "",
            "customer_owned_ip": "",
            "customer_owned_ipv4_pool": "",
            "domain": "vpc",
            "id": "eipalloc-0eaaac6977b9a6c66",
            "instance": "",
            "ipam_pool_id": null,
            "network_border_group": "us-east-1",
            "network_interface": "",
            "private_dns": null,
            "private_ip": "",
            "ptr_record": "",
            "public_dns": "ec2-34-235-94-55.compute-1.amazonaws.com",
            "public_ip": "34.235.94.55",
            "public_ipv4_pool": "amazon",
            "tags": null,
            "tags_all": {},
            "timeouts": null,
            "vpc": true
          },
          "sensitive_attributes": [],
          "identity_schema_version": 0,
          "private": "eyJlMmJmYjczMC1lY2FhLTExZTYtOGY4OC0zNDM2M2JjN2M0YzAiOnsiZGVsZXRlIjoxODAwMDAwMDAwMDAsInJlYWQiOjkwMDAwMDAwMDAwMCwidXBkYXRlIjozMDAwMDAwMDAwMDB9fQ=="
        }
      ]
    },
    {
      "mode": "managed",
      "type": "aws_internet_gateway",
      "name": "igw",
      "provider": "provider[\"registry.terraform.io/hashicorp/aws\"]",
      "instances": [
        {
          "schema_version": 0,
          "attributes": {
            "arn": "arn:aws:ec2:us-east-1:314146328273:internet-gateway/igw-063bef4faf4138e65",
            "id": "igw-063bef4faf4138e65",
            "owner_id": "314146328273",
            "tags": null,
            "tags_all": {},
            "timeouts": null,
            "vpc_id": "vpc-0787c7922b47faf00"
          },
          "sensitive_attributes": [],
          "identity_schema_version": 0,
          "private": "eyJlMmJmYjczMC1lY2FhLTExZTYtOGY4OC0zNDM2M2JjN2M0YzAiOnsiY3JlYXRlIjoxMjAwMDAwMDAwMDAwLCJkZWxldGUiOjEyMDAwMDAwMDAwMDAsInVwZGF0ZSI6MTIwMDAwMDAwMDAwMH19",
          "dependencies": [
            "aws_vpc.main"
          ]
        }
      ]
    },
    {
      "mode": "managed",
      "type": "aws_nat_gateway",
      "name": "nat",
      "provider": "provider[\"registry.terraform.io/hashicorp/aws\"]",
      "instances": [
        {
          "schema_version": 0,
          "attributes": {
            "allocation_id": "eipalloc-0eaaac6977b9a6c66",
            "association_id": "eipassoc-079f2e58f3e67c070",
            "connectivity_type": "public",
            "id": "nat-08afede817d487a37",
            "network_interface_id": "eni-09723b6f312601980",
            "private_ip": "10.0.1.74",
            "public_ip": "34.235.94.55",
            "secondary_allocation_ids": null,
            "secondary_private_ip_address_count": 0,
            "secondary_private_ip_addresses": [],
            "subnet_id": "subnet-0876a787240d424a5",
            "tags": null,
            "tags_all": {},
            "timeouts": null
          },
          "sensitive_attributes": [],
          "identity_schema_version": 0,
          "private": "eyJlMmJmYjczMC1lY2FhLTExZTYtOGY4OC0zNDM2M2JjN2M0YzAiOnsiY3JlYXRlIjo2MDAwMDAwMDAwMDAsImRlbGV0ZSI6MTgwMDAwMDAwMDAwMCwidXBkYXRlIjo2MDAwMDAwMDAwMDB9fQ==",
          "dependencies": [
            "aws_eip.nat",
            "aws_internet_gateway.igw",
            "aws_subnet.public",
            "aws_vpc.main",
            "data.aws_availability_zones.available"
          ]
        }
      ]
    },
    {
      "mode": "managed",
      "type": "aws_route_table",
      "name": "private",
      "provider": "provider[\"registry.terraform.io/hashicorp/aws\"]",
      "instances": [
        {
          "schema_version": 0,
          "attributes": {
            "arn": "arn:aws:ec2:us-east-1:314146328273:route-table/rtb-0dae3ebf7ed132848",
            "id": "rtb-0dae3ebf7ed132848",
            "owner_id": "314146328273",
            "propagating_vgws": [],
            "route": [
              {
                "carrier_gateway_id": "",
                "cidr_block": "0.0.0.0/0",
                "core_network_arn": "",
                "destination_prefix_list_id": "",
                "egress_only_gateway_id": "",
                "gateway_id": "",
                "ipv6_cidr_block": "",
                "local_gateway_id": "",
                "nat_gateway_id": "nat-08afede817d487a37",
                "network_interface_id": "",
                "transit_gateway_id": "",
                "vpc_endpoint_id": "",
                "vpc_peering_connection_id": ""
              }
            ],
            "tags": null,
            "tags_all": {},
            "timeouts": null,
            "vpc_id": "vpc-0787c7922b47faf00"
          },
          "sensitive_attributes": [],
          "identity_schema_version": 0,
          "private": "eyJlMmJmYjczMC1lY2FhLTExZTYtOGY4OC0zNDM2M2JjN2M0YzAiOnsiY3JlYXRlIjozMDAwMDAwMDAwMDAsImRlbGV0ZSI6MzAwMDAwMDAwMDAwLCJ1cGRhdGUiOjEyMDAwMDAwMDAwMH19",
          "dependencies": [
            "aws_eip.nat",
            "aws_internet_gateway.igw",
            "aws_nat_gateway.nat",
            "aws_subnet.public",
            "aws_vpc.main",
            "data.aws_availability_zones.available"
          ]
        }
      ]
    },
    {
      "mode": "managed",
      "type": "aws_route_table",
      "name": "public",
      "provider": "provider[\"registry.terraform.io/hashicorp/aws\"]",
      "instances": [
        {
          "schema_version": 0,
          "attributes": {
            "arn": "arn:aws:ec2:us-east-1:314146328273:route-table/rtb-03256115cb7c59a16",
            "id": "rtb-03256115cb7c59a16",
            "owner_id": "314146328273",
            "propagating_vgws": [],
            "route": [
              {
                "carrier_gateway_id": "",
                "cidr_block": "0.0.0.0/0",
                "core_network_arn": "",
                "destination_prefix_list_id": "",
                "egress_only_gateway_id": "",
                "gateway_id": "igw-063bef4faf4138e65",
                "ipv6_cidr_block": "",
                "local_gateway_id": "",
                "nat_gateway_id": "",
                "network_interface_id": "",
                "transit_gateway_id": "",
                "vpc_endpoint_id": "",
                "vpc_peering_connection_id": ""
              }
            ],
            "tags": null,
            "tags_all": {},
            "timeouts": null,
            "vpc_id": "vpc-0787c7922b47faf00"
          },
          "sensitive_attributes": [],
          "identity_schema_version": 0,
          "private": "eyJlMmJmYjczMC1lY2FhLTExZTYtOGY4OC0zNDM2M2JjN2M0YzAiOnsiY3JlYXRlIjozMDAwMDAwMDAwMDAsImRlbGV0ZSI6MzAwMDAwMDAwMDAwLCJ1cGRhdGUiOjEyMDAwMDAwMDAwMH19",
          "dependencies": [
            "aws_internet_gateway.igw",
            "aws_vpc.main"
          ]
        }
      ]
    },
    {
      "mode": "managed",
      "type": "aws_route_table_association",
      "name": "private",
      "provider": "provider[\"registry.terraform.io/hashicorp/aws\"]",
      "instances": [
        {
          "schema_version": 0,
          "attributes": {
            "gateway_id": "",
            "id": "rtbassoc-00d9cb0176c2898b0",
            "route_table_id": "rtb-0dae3ebf7ed132848",
            "subnet_id": "subnet-0bf959a147e10596c",
            "timeouts": null
          },
          "sensitive_attributes": [],
          "identity_schema_version": 0,
          "private": "eyJlMmJmYjczMC1lY2FhLTExZTYtOGY4OC0zNDM2M2JjN2M0YzAiOnsiY3JlYXRlIjozMDAwMDAwMDAwMDAsImRlbGV0ZSI6MzAwMDAwMDAwMDAwLCJ1cGRhdGUiOjEyMDAwMDAwMDAwMH19",
          "dependencies": [
            "aws_eip.nat",
            "aws_internet_gateway.igw",
            "aws_nat_gateway.nat",
            "aws_route_table.private",
            "aws_subnet.private",
            "aws_subnet.public",
            "aws_vpc.main",
            "data.aws_availability_zones.available"
          ]
        }
      ]
    },
    {
      "mode": "managed",
      "type": "aws_route_table_association",
      "name": "public",
      "provider": "provider[\"registry.terraform.io/hashicorp/aws\"]",
      "instances": [
        {
          "schema_version": 0,
          "attributes": {
            "gateway_id": "",
            "id": "rtbassoc-042c2d9ceda552d8b",
            "route_table_id": "rtb-03256115cb7c59a16",
            "subnet_id": "subnet-0876a787240d424a5",
            "timeouts": null
          },
          "sensitive_attributes": [],
          "identity_schema_version": 0,
          "private": "eyJlMmJmYjczMC1lY2FhLTExZTYtOGY4OC0zNDM2M2JjN2M0YzAiOnsiY3JlYXRlIjozMDAwMDAwMDAwMDAsImRlbGV0ZSI6MzAwMDAwMDAwMDAwLCJ1cGRhdGUiOjEyMDAwMDAwMDAwMH19",
          "dependencies": [
            "aws_internet_gateway.igw",
            "aws_route_table.public",
            "aws_subnet.public",
            "aws_vpc.main",
            "data.aws_availability_zones.available"
          ]
        }
      ]
    },
    {
      "mode": "managed",
      "type": "aws_security_group",
      "name": "instance_sg",
      "provider": "provider[\"registry.terraform.io/hashicorp/aws\"]",
      "instances": [
        {
          "schema_version": 1,
          "attributes": {
            "arn": "arn:aws:ec2:us-east-1:314146328273:security-group/sg-0f5d63ae6b6a70e63",
            "description": "Managed by Terraform",
            "egress": [
              {
                "cidr_blocks": [
                  "0.0.0.0/0"
                ],
                "description": "",
                "from_port": 0,
                "ipv6_cidr_blocks": [],
                "prefix_list_ids": [],
                "protocol": "-1",
                "security_groups": [],
                "self": false,
                "to_port": 0
              }
            ],
            "id": "sg-0f5d63ae6b6a70e63",
            "ingress": [
              {
                "cidr_blocks": [
                  "0.0.0.0/0"
                ],
                "description": "API access",
                "from_port": 8000,
                "ipv6_cidr_blocks": [],
                "prefix_list_ids": [],
                "protocol": "tcp",
                "security_groups": [],
                "self": false,
                "to_port": 8000
              },
              {
                "cidr_blocks": [
                  "0.0.0.0/0"
                ],
                "description": "Frontend access",
                "from_port": 3000,
                "ipv6_cidr_blocks": [],
                "prefix_list_ids": [],
                "protocol": "tcp",
                "security_groups": [],
                "self": false,
                "to_port": 3000
              },
              {
                "cidr_blocks": [
                  "0.0.0.0/0"
                ],
                "description": "SSH",
                "from_port": 22,
                "ipv6_cidr_blocks": [],
                "prefix_list_ids": [],
                "protocol": "tcp",
                "security_groups": [],
                "self": false,
                "to_port": 22
              }
            ],
            "name": "clinica-sg",
            "name_prefix": "",
            "owner_id": "314146328273",
            "revoke_rules_on_delete": false,
            "tags": null,
            "tags_all": {},
            "timeouts": null,
            "vpc_id": "vpc-0787c7922b47faf00"
          },
          "sensitive_attributes": [],
          "identity_schema_version": 0,
          "private": "eyJlMmJmYjczMC1lY2FhLTExZTYtOGY4OC0zNDM2M2JjN2M0YzAiOnsiY3JlYXRlIjo2MDAwMDAwMDAwMDAsImRlbGV0ZSI6OTAwMDAwMDAwMDAwfSwic2NoZW1hX3ZlcnNpb24iOiIxIn0=",
          "dependencies": [
            "aws_vpc.main"
          ]
        }
      ]
    },
    {
      "mode": "managed",
      "type": "aws_subnet",
      "name": "private",
      "provider": "provider[\"registry.terraform.io/hashicorp/aws\"]",
      "instances": [
        {
          "schema_version": 1,
          "attributes": {
            "arn": "arn:aws:ec2:us-east-1:314146328273:subnet/subnet-0bf959a147e10596c",
            "assign_ipv6_address_on_creation": false,
            "availability_zone": "us-east-1a",
            "availability_zone_id": "use1-az1",
            "cidr_block": "10.0.2.0/24",
            "customer_owned_ipv4_pool": "",
            "enable_dns64": false,
            "enable_lni_at_device_index": 0,
            "enable_resource_name_dns_a_record_on_launch": false,
            "enable_resource_name_dns_aaaa_record_on_launch": false,
            "id": "subnet-0bf959a147e10596c",
            "ipv6_cidr_block": "",
            "ipv6_cidr_block_association_id": "",
            "ipv6_native": false,
            "map_customer_owned_ip_on_launch": false,
            "map_public_ip_on_launch": false,
            "outpost_arn": "",
            "owner_id": "314146328273",
            "private_dns_hostname_type_on_launch": "ip-name",
            "tags": {
              "Name": "private-subnet"
            },
            "tags_all": {
              "Name": "private-subnet"
            },
            "timeouts": null,
            "vpc_id": "vpc-0787c7922b47faf00"
          },
          "sensitive_attributes": [],
          "identity_schema_version": 0,
          "private": "eyJlMmJmYjczMC1lY2FhLTExZTYtOGY4OC0zNDM2M2JjN2M0YzAiOnsiY3JlYXRlIjo2MDAwMDAwMDAwMDAsImRlbGV0ZSI6MTIwMDAwMDAwMDAwMH0sInNjaGVtYV92ZXJzaW9uIjoiMSJ9",
          "dependencies": [
            "aws_vpc.main",
            "data.aws_availability_zones.available"
          ]
        }
      ]
    },
    {
      "mode": "managed",
      "type": "aws_subnet",
      "name": "public",
      "provider": "provider[\"registry.terraform.io/hashicorp/aws\"]",
      "instances": [
        {
          "schema_version": 1,
          "attributes": {
            "arn": "arn:aws:ec2:us-east-1:314146328273:subnet/subnet-0876a787240d424a5",
            "assign_ipv6_address_on_creation": false,
            "availability_zone": "us-east-1a",
            "availability_zone_id": "use1-az1",
            "cidr_block": "10.0.1.0/24",
            "customer_owned_ipv4_pool": "",
            "enable_dns64": false,
            "enable_lni_at_device_index": 0,
            "enable_resource_name_dns_a_record_on_launch": false,
            "enable_resource_name_dns_aaaa_record_on_launch": false,
            "id": "subnet-0876a787240d424a5",
            "ipv6_cidr_block": "",
            "ipv6_cidr_block_association_id": "",
            "ipv6_native": false,
            "map_customer_owned_ip_on_launch": false,
            "map_public_ip_on_launch": true,
            "outpost_arn": "",
            "owner_id": "314146328273",
            "private_dns_hostname_type_on_launch": "ip-name",
            "tags": {
              "Name": "public-subnet"
            },
            "tags_all": {
              "Name": "public-subnet"
            },
            "timeouts": null,
            "vpc_id": "vpc-0787c7922b47faf00"
          },
          "sensitive_attributes": [],
          "identity_schema_version": 0,
          "private": "eyJlMmJmYjczMC1lY2FhLTExZTYtOGY4OC0zNDM2M2JjN2M0YzAiOnsiY3JlYXRlIjo2MDAwMDAwMDAwMDAsImRlbGV0ZSI6MTIwMDAwMDAwMDAwMH0sInNjaGVtYV92ZXJzaW9uIjoiMSJ9",
          "dependencies": [
            "aws_vpc.main",
            "data.aws_availability_zones.available"
          ]
        }
      ]
    },
    {
      "mode": "managed",
      "type": "aws_vpc",
      "name": "main",
      "provider": "provider[\"registry.terraform.io/hashicorp/aws\"]",
      "instances": [
        {
          "schema_version": 1,
          "attributes": {
            "arn": "arn:aws:ec2:us-east-1:314146328273:vpc/vpc-0787c7922b47faf00",
            "assign_generated_ipv6_cidr_block": false,
            "cidr_block": "10.0.0.0/16",
            "default_network_acl_id": "acl-0bd6278446369e293",
            "default_route_table_id": "rtb-0a100602ce82361df",
            "default_security_group_id": "sg-044ca6f3ccde586af",
            "dhcp_options_id": "dopt-01d27ca1201d19d84",
            "enable_dns_hostnames": false,
            "enable_dns_support": true,
            "enable_network_address_usage_metrics": false,
            "id": "vpc-0787c7922b47faf00",
            "instance_tenancy": "default",
            "ipv4_ipam_pool_id": null,
            "ipv4_netmask_length": null,
            "ipv6_association_id": "",
            "ipv6_cidr_block": "",
            "ipv6_cidr_block_network_border_group": "",
            "ipv6_ipam_pool_id": "",
            "ipv6_netmask_length": 0,
            "main_route_table_id": "rtb-0a100602ce82361df",
            "owner_id": "314146328273",
            "tags": {
              "Name": "clinica-vpc"
            },
            "tags_all": {
              "Name": "clinica-vpc"
            }
          },
          "sensitive_attributes": [],
          "identity_schema_version": 0,
          "private": "eyJzY2hlbWFfdmVyc2lvbiI6IjEifQ=="
        }
      ]
    },
    {
      "mode": "managed",
      "type": "tls_private_key",
      "name": "ec2_key",
      "provider": "provider[\"registry.terraform.io/hashicorp/tls\"]",
      "instances": [
        {
          "schema_version": 1,
          "attributes": {
            "algorithm": "RSA",
            "ecdsa_curve": "P224",
            "id": "e0e1d9b94c0b82ad919a06b96ff5211927143160",
            "private_key_openssh": "-----BEGIN OPENSSH PRIVATE KEY-----\nb3BlbnNzaC1rZXktdjEAAAAABG5vbmUAAAAEbm9uZQAAAAAAAAABAAACFwAAAAdz\nc2gtcnNhAAAAAwEAAQAAAgEAqxxYzTUJLogVqGksvNDtgqAB++6eU26TKKAwhPsU\nFoDr5eYRY9T2qODiBNycLdKs5mZXst0FExfQ3haGP15Q94yB0f/wsYsKrGQrGNO9\na8T314GCMWCf6jIsJlBOML5STkPkF5g34ROinMfBFaoLdnyjqmbjkk017py1PO3Y\n4WjFTcPCMLxna5ZBaS7OUKnKppwJHzjrHsCfNEU/hd9wr/XU7rbYgjr7xPrEALKq\nxO8OiZY/LTHzGjg9n2WrsoRzazFMar0X/3PBahVsprt8R/6eqaNxcn2IhUSA2EGp\n2Z3rpx1ocH4AMoStUsH2cIjVE3L6v0JR8TVbOqMUGAaKkX+ZLQ5HQEvV59VMKWhM\nBEvs49QKKrRIpcZPOcoZxhYeaaLi1d25T5lmI21N0j57fxLVQNGjkpsuOOo5fZgA\nzCOoJULt8RdU248D2JDZiRuHXpvecDLHKLiS/UDT7mflb2t5x1VN0PgV4Rmh5vZK\n+xwweFO5yzFsnvz7N8U3jQnniXv5eMRNGoYGIVnhkDOaY6p6VSG5lkJLKxDfc/7D\nFdwry/pLPK3OwuQ/Kz0KQ/fhKvyA5hvbBBQ2WY8tgq+Jie9Dk/Yvuk63FFMgwrqF\naahCYU0gcMCOk6E9xk/0odp8X4sXCnn/JzpdSTrsq6EKixY5j/uwU8Fv58x7o5E/\nHokAAAc4uB2ESLgdhEgAAAAHc3NoLXJzYQAAAgEAqxxYzTUJLogVqGksvNDtgqAB\n++6eU26TKKAwhPsUFoDr5eYRY9T2qODiBNycLdKs5mZXst0FExfQ3haGP15Q94yB\n0f/wsYsKrGQrGNO9a8T314GCMWCf6jIsJlBOML5STkPkF5g34ROinMfBFaoLdnyj\nqmbjkk017py1PO3Y4WjFTcPCMLxna5ZBaS7OUKnKppwJHzjrHsCfNEU/hd9wr/XU\n7rbYgjr7xPrEALKqxO8OiZY/LTHzGjg9n2WrsoRzazFMar0X/3PBahVsprt8R/6e\nqaNxcn2IhUSA2EGp2Z3rpx1ocH4AMoStUsH2cIjVE3L6v0JR8TVbOqMUGAaKkX+Z\nLQ5HQEvV59VMKWhMBEvs49QKKrRIpcZPOcoZxhYeaaLi1d25T5lmI21N0j57fxLV\nQNGjkpsuOOo5fZgAzCOoJULt8RdU248D2JDZiRuHXpvecDLHKLiS/UDT7mflb2t5\nx1VN0PgV4Rmh5vZK+xwweFO5yzFsnvz7N8U3jQnniXv5eMRNGoYGIVnhkDOaY6p6\nVSG5lkJLKxDfc/7DFdwry/pLPK3OwuQ/Kz0KQ/fhKvyA5hvbBBQ2WY8tgq+Jie9D\nk/Yvuk63FFMgwrqFaahCYU0gcMCOk6E9xk/0odp8X4sXCnn/JzpdSTrsq6EKixY5\nj/uwU8Fv58x7o5E/HokAAAADAQABAAACADTEhKQf52l4oQkzCg9edOhUFNiPATdk\ngbBFGkFgNpUsA9N9jD5Xtgtlcn4iVG2TKyvQQtpPa5m0Pf7HPnY7TUfSBlTvE1iF\nMvDv4RSCc8dQ0kec0jwM+rPb7h6QpFRG1RX6vNQD5rOb/QlRVruqGWfcTxKlMSf0\ndJ3VqNSV2szEpRfytyeVamVUzG41930Lp4mS1ANTZ7qvl0kk086ildtFufk13PXo\nX60i0iAO+TfLKxYGBgyXe0tKLcLCtVzTmM5lQRYno0dteKeQ3NVcOxrurBpPY5R1\nnwzOD9fhBBKurzX1jTgnu0LZBKRhWXDh2afqTOZ/esqidDRUh0VTexabYmIEsy3x\nK01Ze0C8RVOeZ45lNVWeg25XREBTw1ZafH70xF7pmS1XqHyHsV8rpq+tl7VjR8UB\ni9fravE7TeRn496hR/8XKx89MuoNckEYseGLJv1Wu4brzqHiDAAq2wEvDgktGo6w\naZepTZwhnyDaYvymH01DEjVRH39aunIKSc0jyRU+irX7ALJxCu1ohx3EpD4xt6zo\nDmFnVyE6NPUYqeHs3FJ9UkvCygeWeSxsI8sMTQDzF8UK4xUDDqt2xgLwFjcyb6o3\ntU0k+CF76+D1+d1lz9UsAKp2AokbeMO/4DoUvJHdVcIz41OkuG2YWIoaPqEtPQQm\n/R1hKR8QEDHzAAABABVG5EuduPR2k+qmIvyNaSZuO0QLI7WHPKmX39FNVtK9wIdX\nTD2sCnZUQWKpiM0V7PiZkgOV/61cnpWSKf5pVyTC9Z1UsNcbUqKjrrsder2aBibt\nBuF6RGby4dY8Gsh7sIL0wwKbAH430qBxUSm6Xf/8HCpG6T15By1ei8rGdxTEhPiL\nEsUwZP2aYzvZH/KBbVzhapuzV7Kdn8B2/2DXa+PMLi1duNTBkJxTLtOdNynQzFt6\nmRdqWBR701CrwcQ4FLzj7Iaw4/jYJQ9W+vIw2J038bEOyEtfMAYjxVZ/aSvp4Vaz\n7YotTV8yuUlkTzrcE8KyFyS96pUQSz4jfgV72ucAAAEBANte0D05ARX5SiAMmPsH\na7Sm+HaRDGxvLH+aqSUrcgZVjjWQ8SxH+1GXLgFcRJR63dEK1yBaudbZc0BkBQ1Z\nlSI+PPpP+hR3lsmmSjnTY0smQuBiAQpel+AqEp6mlS5DyX4JaHX+b6HCfmeJO8gp\nmsYDDDYYQRhyA4eHmENKTrQb+YAbgIiFQYYFA0URt4kgeABeHyqlJ98BeR5MqvE/\nb91NhfIRaN5wAr7+g2WvnqQHwn5NtEq10T0bo/AI2aIkrO3sDjqtVxp6XwmQ3Qp5\nbm4105XXLdBiuBAEF5imjmx3FhnLNZ5kMt2QaltuhRPuMsNh9Y4rkGmId/I2cxDO\nk9cAAAEBAMeuoZu7lRRrLEl0GlKHHdXMy/lG2K3dyEG9I6DWaYVw5OK+A4ywbdZu\nXdMTsrn7uUacneEf54aj1OeKlwIZMx6enPjT+I3vfAgZEgZIXlvTvsCNZR9+KRna\nAJUlBHljEwGBq5yUO4vqNo9ZJJZhVkkRxt8DjkKbvdabgsBU6Rq54XLSynrZQFuB\nmKw5iau0YUCb+BOEpm2799VLPjpe99vbmYpd2NSfiITJjwbzwXMvE7A2tnez/Qe6\n60Ao50cy3x6Mn7W8LWQpSsAze0/tawsyeq6Zqdgp5rFXfFct3Jmp/Gkck7724E2O\nOIVX1HLZ2hcVjPb82DfPQ6R0swkvlJ8AAAAAAQID\n-----END OPENSSH PRIVATE KEY-----\n",
            "private_key_pem": "-----BEGIN RSA PRIVATE KEY-----\nMIIJJwIBAAKCAgEAqxxYzTUJLogVqGksvNDtgqAB++6eU26TKKAwhPsUFoDr5eYR\nY9T2qODiBNycLdKs5mZXst0FExfQ3haGP15Q94yB0f/wsYsKrGQrGNO9a8T314GC\nMWCf6jIsJlBOML5STkPkF5g34ROinMfBFaoLdnyjqmbjkk017py1PO3Y4WjFTcPC\nMLxna5ZBaS7OUKnKppwJHzjrHsCfNEU/hd9wr/XU7rbYgjr7xPrEALKqxO8OiZY/\nLTHzGjg9n2WrsoRzazFMar0X/3PBahVsprt8R/6eqaNxcn2IhUSA2EGp2Z3rpx1o\ncH4AMoStUsH2cIjVE3L6v0JR8TVbOqMUGAaKkX+ZLQ5HQEvV59VMKWhMBEvs49QK\nKrRIpcZPOcoZxhYeaaLi1d25T5lmI21N0j57fxLVQNGjkpsuOOo5fZgAzCOoJULt\n8RdU248D2JDZiRuHXpvecDLHKLiS/UDT7mflb2t5x1VN0PgV4Rmh5vZK+xwweFO5\nyzFsnvz7N8U3jQnniXv5eMRNGoYGIVnhkDOaY6p6VSG5lkJLKxDfc/7DFdwry/pL\nPK3OwuQ/Kz0KQ/fhKvyA5hvbBBQ2WY8tgq+Jie9Dk/Yvuk63FFMgwrqFaahCYU0g\ncMCOk6E9xk/0odp8X4sXCnn/JzpdSTrsq6EKixY5j/uwU8Fv58x7o5E/HokCAwEA\nAQKCAgA0xISkH+dpeKEJMwoPXnToVBTYjwE3ZIGwRRpBYDaVLAPTfYw+V7YLZXJ+\nIlRtkysr0ELaT2uZtD3+xz52O01H0gZU7xNYhTLw7+EUgnPHUNJHnNI8DPqz2+4e\nkKRURtUV+rzUA+azm/0JUVa7qhln3E8SpTEn9HSd1ajUldrMxKUX8rcnlWplVMxu\nNfd9C6eJktQDU2e6r5dJJNPOopXbRbn5Ndz16F+tItIgDvk3yysWBgYMl3tLSi3C\nwrVc05jOZUEWJ6NHbXinkNzVXDsa7qwaT2OUdZ8Mzg/X4QQSrq819Y04J7tC2QSk\nYVlw4dmn6kzmf3rKonQ0VIdFU3sWm2JiBLMt8StNWXtAvEVTnmeOZTVVnoNuV0RA\nU8NWWnx+9MRe6ZktV6h8h7FfK6avrZe1Y0fFAYvX62rxO03kZ+PeoUf/FysfPTLq\nDXJBGLHhiyb9VruG686h4gwAKtsBLw4JLRqOsGmXqU2cIZ8g2mL8ph9NQxI1UR9/\nWrpyCknNI8kVPoq1+wCycQrtaIcdxKQ+Mbes6A5hZ1chOjT1GKnh7NxSfVJLwsoH\nlnksbCPLDE0A8xfFCuMVAw6rdsYC8BY3Mm+qN7VNJPghe+vg9fndZc/VLACqdgKJ\nG3jDv+A6FLyR3VXCM+NTpLhtmFiKGj6hLT0EJv0dYSkfEBAx8wKCAQEA217QPTkB\nFflKIAyY+wdrtKb4dpEMbG8sf5qpJStyBlWONZDxLEf7UZcuAVxElHrd0QrXIFq5\n1tlzQGQFDVmVIj48+k/6FHeWyaZKOdNjSyZC4GIBCl6X4CoSnqaVLkPJfglodf5v\nocJ+Z4k7yCmaxgMMNhhBGHIDh4eYQ0pOtBv5gBuAiIVBhgUDRRG3iSB4AF4fKqUn\n3wF5Hkyq8T9v3U2F8hFo3nACvv6DZa+epAfCfk20SrXRPRuj8AjZoiSs7ewOOq1X\nGnpfCZDdCnlubjXTldct0GK4EAQXmKaObHcWGcs1nmQy3ZBqW26FE+4yw2H1jiuQ\naYh38jZzEM6T1wKCAQEAx66hm7uVFGssSXQaUocd1czL+UbYrd3IQb0joNZphXDk\n4r4DjLBt1m5d0xOyufu5Rpyd4R/nhqPU54qXAhkzHp6c+NP4je98CBkSBkheW9O+\nwI1lH34pGdoAlSUEeWMTAYGrnJQ7i+o2j1kklmFWSRHG3wOOQpu91puCwFTpGrnh\nctLKetlAW4GYrDmJq7RhQJv4E4Smbbv31Us+Ol7329uZil3Y1J+IhMmPBvPBcy8T\nsDa2d7P9B7rrQCjnRzLfHoyftbwtZClKwDN7T+1rCzJ6rpmp2CnmsVd8Vy3cman8\naRyTvvbgTY44hVfUctnaFxWM9vzYN89DpHSzCS+UnwKCAQB7ZbUbizJKKwWAS7XO\nF1mFsBq5j1P+tva//L7C0tJ8L6okBZk0QHVlavYM+9rz7r1RtphWcdJxwbXr9ZdF\n8CtMrNfeMhjJZI/kdG7yYi9LeYVK9LYDIDysct4wciIeeTEhfadOIEapJl+2W+LN\n8GFImzRGRZRwbMoBdcu3plfpRoctgcrmgJbgDXfOZW3pa+M0yb0cXvSzo/9+hL/v\nnrCNOutqxFJKNZXF3CMLkyNYv6ivJYSSNf4yMpcgEcpiQ+EmoI9MgG8rzMQi/GLq\nXm44/nw7oGP8AVvqXnLrgl1BNCexcLaDl3dpXLAHKH8hO+9AKp1XULgWNRbLn8dQ\nH/PXAoIBAFd1BRNQdVscFamWUHEU/NxHdo8XmI+OM8eXL6OiRVVMvPMShjt4iqMA\nc9efKQiMV/m1XvDbKGywFO/Uo48nulwO3HGfZZ3E5m4ljN9zkuBlPYbYZxIED7xi\n3x5zuCHyYsCmKqPJyMrfKkZepMe4mjImtxO2WviRffQg6IOUrQQnpbbE3CoyPR3X\nBSdpjALIXlAN//mMf9hQG5wv+HFYZvbEl9sif3Wg6go+vYYt/OyWEel8DS8ghhJ8\nq8zOHX3xqgeXT9wpLzhPXY4Q/lFjix68XT9bzif/Mis6Rhto2tXyvbrL6WoaduOB\nBwBgF4y2He8+YR9MXucSwG2nL0M2s8ECggEAFUbkS5249HaT6qYi/I1pJm47RAsj\ntYc8qZff0U1W0r3Ah1dMPawKdlRBYqmIzRXs+JmSA5X/rVyelZIp/mlXJML1nVSw\n1xtSoqOuux16vZoGJu0G4XpEZvLh1jwayHuwgvTDApsAfjfSoHFRKbpd//wcKkbp\nPXkHLV6LysZ3FMSE+IsSxTBk/ZpjO9kf8oFtXOFqm7NXsp2fwHb/YNdr48wuLV24\n1MGQnFMu0503KdDMW3qZF2pYFHvTUKvBxDgUvOPshrDj+NglD1b68jDYnTfxsQ7I\nS18wBiPFVn9pK+nhVrPtii1NXzK5SWRPOtwTwrIXJL3qlRBLPiN+BXva5w==\n-----END RSA PRIVATE KEY-----\n",
            "private_key_pem_pkcs8": "-----BEGIN PRIVATE KEY-----\nMIIJQQIBADANBgkqhkiG9w0BAQEFAASCCSswggknAgEAAoICAQCrHFjNNQkuiBWo\naSy80O2CoAH77p5TbpMooDCE+xQWgOvl5hFj1Pao4OIE3Jwt0qzmZley3QUTF9De\nFoY/XlD3jIHR//CxiwqsZCsY071rxPfXgYIxYJ/qMiwmUE4wvlJOQ+QXmDfhE6Kc\nx8EVqgt2fKOqZuOSTTXunLU87djhaMVNw8IwvGdrlkFpLs5QqcqmnAkfOOsewJ80\nRT+F33Cv9dTuttiCOvvE+sQAsqrE7w6Jlj8tMfMaOD2fZauyhHNrMUxqvRf/c8Fq\nFWymu3xH/p6po3FyfYiFRIDYQanZneunHWhwfgAyhK1SwfZwiNUTcvq/QlHxNVs6\noxQYBoqRf5ktDkdAS9Xn1UwpaEwES+zj1AoqtEilxk85yhnGFh5pouLV3blPmWYj\nbU3SPnt/EtVA0aOSmy446jl9mADMI6glQu3xF1TbjwPYkNmJG4dem95wMscouJL9\nQNPuZ+Vva3nHVU3Q+BXhGaHm9kr7HDB4U7nLMWye/Ps3xTeNCeeJe/l4xE0ahgYh\nWeGQM5pjqnpVIbmWQksrEN9z/sMV3CvL+ks8rc7C5D8rPQpD9+Eq/IDmG9sEFDZZ\njy2Cr4mJ70OT9i+6TrcUUyDCuoVpqEJhTSBwwI6ToT3GT/Sh2nxfixcKef8nOl1J\nOuyroQqLFjmP+7BTwW/nzHujkT8eiQIDAQABAoICADTEhKQf52l4oQkzCg9edOhU\nFNiPATdkgbBFGkFgNpUsA9N9jD5Xtgtlcn4iVG2TKyvQQtpPa5m0Pf7HPnY7TUfS\nBlTvE1iFMvDv4RSCc8dQ0kec0jwM+rPb7h6QpFRG1RX6vNQD5rOb/QlRVruqGWfc\nTxKlMSf0dJ3VqNSV2szEpRfytyeVamVUzG41930Lp4mS1ANTZ7qvl0kk086ildtF\nufk13PXoX60i0iAO+TfLKxYGBgyXe0tKLcLCtVzTmM5lQRYno0dteKeQ3NVcOxru\nrBpPY5R1nwzOD9fhBBKurzX1jTgnu0LZBKRhWXDh2afqTOZ/esqidDRUh0VTexab\nYmIEsy3xK01Ze0C8RVOeZ45lNVWeg25XREBTw1ZafH70xF7pmS1XqHyHsV8rpq+t\nl7VjR8UBi9fravE7TeRn496hR/8XKx89MuoNckEYseGLJv1Wu4brzqHiDAAq2wEv\nDgktGo6waZepTZwhnyDaYvymH01DEjVRH39aunIKSc0jyRU+irX7ALJxCu1ohx3E\npD4xt6zoDmFnVyE6NPUYqeHs3FJ9UkvCygeWeSxsI8sMTQDzF8UK4xUDDqt2xgLw\nFjcyb6o3tU0k+CF76+D1+d1lz9UsAKp2AokbeMO/4DoUvJHdVcIz41OkuG2YWIoa\nPqEtPQQm/R1hKR8QEDHzAoIBAQDbXtA9OQEV+UogDJj7B2u0pvh2kQxsbyx/mqkl\nK3IGVY41kPEsR/tRly4BXESUet3RCtcgWrnW2XNAZAUNWZUiPjz6T/oUd5bJpko5\n02NLJkLgYgEKXpfgKhKeppUuQ8l+CWh1/m+hwn5niTvIKZrGAww2GEEYcgOHh5hD\nSk60G/mAG4CIhUGGBQNFEbeJIHgAXh8qpSffAXkeTKrxP2/dTYXyEWjecAK+/oNl\nr56kB8J+TbRKtdE9G6PwCNmiJKzt7A46rVcael8JkN0KeW5uNdOV1y3QYrgQBBeY\npo5sdxYZyzWeZDLdkGpbboUT7jLDYfWOK5BpiHfyNnMQzpPXAoIBAQDHrqGbu5UU\nayxJdBpShx3VzMv5Rtit3chBvSOg1mmFcOTivgOMsG3Wbl3TE7K5+7lGnJ3hH+eG\no9TnipcCGTMenpz40/iN73wIGRIGSF5b077AjWUffikZ2gCVJQR5YxMBgauclDuL\n6jaPWSSWYVZJEcbfA45Cm73Wm4LAVOkaueFy0sp62UBbgZisOYmrtGFAm/gThKZt\nu/fVSz46Xvfb25mKXdjUn4iEyY8G88FzLxOwNrZ3s/0HuutAKOdHMt8ejJ+1vC1k\nKUrAM3tP7WsLMnqumanYKeaxV3xXLdyZqfxpHJO+9uBNjjiFV9Ry2doXFYz2/Ng3\nz0OkdLMJL5SfAoIBAHtltRuLMkorBYBLtc4XWYWwGrmPU/629r/8vsLS0nwvqiQF\nmTRAdWVq9gz72vPuvVG2mFZx0nHBtev1l0XwK0ys194yGMlkj+R0bvJiL0t5hUr0\ntgMgPKxy3jByIh55MSF9p04gRqkmX7Zb4s3wYUibNEZFlHBsygF1y7emV+lGhy2B\nyuaAluANd85lbelr4zTJvRxe9LOj/36Ev++esI0662rEUko1lcXcIwuTI1i/qK8l\nhJI1/jIylyARymJD4Sagj0yAbyvMxCL8Yupebjj+fDugY/wBW+pecuuCXUE0J7Fw\ntoOXd2lcsAcofyE770AqnVdQuBY1Fsufx1Af89cCggEAV3UFE1B1WxwVqZZQcRT8\n3Ed2jxeYj44zx5cvo6JFVUy88xKGO3iKowBz158pCIxX+bVe8NsobLAU79Sjjye6\nXA7ccZ9lncTmbiWM33OS4GU9hthnEgQPvGLfHnO4IfJiwKYqo8nIyt8qRl6kx7ia\nMia3E7Za+JF99CDog5StBCeltsTcKjI9HdcFJ2mMAsheUA3/+Yx/2FAbnC/4cVhm\n9sSX2yJ/daDqCj69hi387JYR6XwNLyCGEnyrzM4dffGqB5dP3CkvOE9djhD+UWOL\nHrxdP1vOJ/8yKzpGG2ja1fK9usvpahp244EHAGAXjLYd7z5hH0xe5xLAbacvQzaz\nwQKCAQAVRuRLnbj0dpPqpiL8jWkmbjtECyO1hzypl9/RTVbSvcCHV0w9rAp2VEFi\nqYjNFez4mZIDlf+tXJ6Vkin+aVckwvWdVLDXG1Kio667HXq9mgYm7QbhekRm8uHW\nPBrIe7CC9MMCmwB+N9KgcVEpul3//BwqRuk9eQctXovKxncUxIT4ixLFMGT9mmM7\n2R/ygW1c4Wqbs1eynZ/Adv9g12vjzC4tXbjUwZCcUy7TnTcp0MxbepkXalgUe9NQ\nq8HEOBS84+yGsOP42CUPVvryMNidN/GxDshLXzAGI8VWf2kr6eFWs+2KLU1fMrlJ\nZE863BPCshckveqVEEs+I34Fe9rn\n-----END PRIVATE KEY-----\n",
            "public_key_fingerprint_md5": "64:c3:b1:2c:4f:32:c1:6c:6a:a2:3e:56:cd:be:08:5b",
            "public_key_fingerprint_sha256": "SHA256:wTWag4LJV5OhBjLYzM2BjrNGRMRu3PGxnRPD2WD2KfE",
            "public_key_openssh": "ssh-rsa AAAAB3NzaC1yc2EAAAADAQABAAACAQCrHFjNNQkuiBWoaSy80O2CoAH77p5TbpMooDCE+xQWgOvl5hFj1Pao4OIE3Jwt0qzmZley3QUTF9DeFoY/XlD3jIHR//CxiwqsZCsY071rxPfXgYIxYJ/qMiwmUE4wvlJOQ+QXmDfhE6Kcx8EVqgt2fKOqZuOSTTXunLU87djhaMVNw8IwvGdrlkFpLs5QqcqmnAkfOOsewJ80RT+F33Cv9dTuttiCOvvE+sQAsqrE7w6Jlj8tMfMaOD2fZauyhHNrMUxqvRf/c8FqFWymu3xH/p6po3FyfYiFRIDYQanZneunHWhwfgAyhK1SwfZwiNUTcvq/QlHxNVs6oxQYBoqRf5ktDkdAS9Xn1UwpaEwES+zj1AoqtEilxk85yhnGFh5pouLV3blPmWYjbU3SPnt/EtVA0aOSmy446jl9mADMI6glQu3xF1TbjwPYkNmJG4dem95wMscouJL9QNPuZ+Vva3nHVU3Q+BXhGaHm9kr7HDB4U7nLMWye/Ps3xTeNCeeJe/l4xE0ahgYhWeGQM5pjqnpVIbmWQksrEN9z/sMV3CvL+ks8rc7C5D8rPQpD9+Eq/IDmG9sEFDZZjy2Cr4mJ70OT9i+6TrcUUyDCuoVpqEJhTSBwwI6ToT3GT/Sh2nxfixcKef8nOl1JOuyroQqLFjmP+7BTwW/nzHujkT8eiQ==\n",
            "public_key_pem": "-----BEGIN PUBLIC KEY-----\nMIICIjANBgkqhkiG9w0BAQEFAAOCAg8AMIICCgKCAgEAqxxYzTUJLogVqGksvNDt\ngqAB++6eU26TKKAwhPsUFoDr5eYRY9T2qODiBNycLdKs5mZXst0FExfQ3haGP15Q\n94yB0f/wsYsKrGQrGNO9a8T314GCMWCf6jIsJlBOML5STkPkF5g34ROinMfBFaoL\ndnyjqmbjkk017py1PO3Y4WjFTcPCMLxna5ZBaS7OUKnKppwJHzjrHsCfNEU/hd9w\nr/XU7rbYgjr7xPrEALKqxO8OiZY/LTHzGjg9n2WrsoRzazFMar0X/3PBahVsprt8\nR/6eqaNxcn2IhUSA2EGp2Z3rpx1ocH4AMoStUsH2cIjVE3L6v0JR8TVbOqMUGAaK\nkX+ZLQ5HQEvV59VMKWhMBEvs49QKKrRIpcZPOcoZxhYeaaLi1d25T5lmI21N0j57\nfxLVQNGjkpsuOOo5fZgAzCOoJULt8RdU248D2JDZiRuHXpvecDLHKLiS/UDT7mfl\nb2t5x1VN0PgV4Rmh5vZK+xwweFO5yzFsnvz7N8U3jQnniXv5eMRNGoYGIVnhkDOa\nY6p6VSG5lkJLKxDfc/7DFdwry/pLPK3OwuQ/Kz0KQ/fhKvyA5hvbBBQ2WY8tgq+J\nie9Dk/Yvuk63FFMgwrqFaahCYU0gcMCOk6E9xk/0odp8X4sXCnn/JzpdSTrsq6EK\nixY5j/uwU8Fv58x7o5E/HokCAwEAAQ==\n-----END PUBLIC KEY-----\n",
            "rsa_bits": 4096
          },
          "sensitive_attributes": [
            [
              {
                "type": "get_attr",
                "value": "private_key_openssh"
              }
            ],
            [
              {
                "type": "get_attr",
                "value": "private_key_pem"
              }
            ],
            [
              {
                "type": "get_attr",
                "value": "private_key_pem_pkcs8"
              }
            ]
          ],
          "identity_schema_version": 0
        }
      ]
    }
  ],
  "check_results": null
}
